
Microsoft Visual Studio Solution File, Format Version 12.00
# Visual Studio 14
VisualStudioVersion = 14.0.25420.1
MinimumVisualStudioVersion = 10.0.40219.1
Project("{FAE04EC0-301F-11D3-BF4B-00C04F79EFBC}") = "ch0306", "ch0306.csproj", "{30FBFEAF-AD7B-45A7-9FB3-8EAC0100E252}"
EndProject
Project("{FAE04EC0-301F-11D3-BF4B-00C04F79EFBC}") = "ch0304", "..\ch0304\ch0304.csproj", "{09DC992E-E182-4261-A933-9C11577DF5B6}"
EndProject
Global
	GlobalSection(SolutionConfigurationPlatforms) = preSolution
		Debug|Any CPU = Debug|Any CPU
		Release|Any CPU = Release|Any CPU
	EndGlobalSection
	GlobalSection(ProjectConfigurationPlatforms) = postSolution
		{30FBFEAF-AD7B-45A7-9FB3-8EAC0100E252}.Debug|Any CPU.ActiveCfg = Debug|Any CPU
		{30FBFEAF-AD7B-45A7-9FB3-8EAC0100E252}.Debug|Any CPU.Build.0 = Debug|Any CPU
		{30FBFEAF-AD7B-45A7-9FB3-8EAC0100E252}.Release|Any CPU.ActiveCfg = Release|Any CPU
		{30FBFEAF-AD7B-45A7-9FB3-8EAC0100E252}.Release|Any CPU.Build.0 = Release|Any CPU
		{09DC992E-E182-4261-A933-9C11577DF5B6}.Debug|Any CPU.ActiveCfg = Debug|Any CPU
		{09DC992E-E182-4261-A933-9C11577DF5B6}.Debug|Any CPU.Build.0 = Debug|Any CPU
		{09DC992E-E182-4261-A933-9C11577DF5B6}.Release|Any CPU.ActiveCfg = Release|Any CPU
		{09DC992E-E182-4261-A933-9C11577DF5B6}.Release|Any CPU.Build.0 = Release|Any CPU
	EndGlobalSection
	GlobalSection(SolutionProperties) = preSolution
		HideSolutionNode = FALSE
	EndGlobalSection
EndGlobal
